
Microsoft Visual Studio Solution File, Format Version 12.00
# Visual Studio Version 18
VisualStudioVersion = 18.9.12023.133
MinimumVisualStudioVersion = 10.0.40219.1
Project("{2150E333-8FDC-42A3-9474-1A3956D46DE8}") = "etc", "etc", "{C87CB27D-FD2A-4506-A353-F6B36AA39AFB}"
	ProjectSection(SolutionItems) = preProject
		.editorconfig = .editorconfig
		AGENTS.md = AGENTS.md
		CHANGELOG.md = CHANGELOG.md
		CLAUDE.md = CLAUDE.md
		Directory.Build.props = Directory.Build.props
		LICENSE = LICENSE
		README.md = README.md
	EndProjectSection
EndProject
Project("{2150E333-8FDC-42A3-9474-1A3956D46DE8}") = "src", "src", "{92D89A6E-7E8A-4E65-955F-ECAC80987E27}"
EndProject
Project("{FAE04EC0-301F-11D3-BF4B-00C04F79EFBC}") = "MelloSilveiraTools", "src\MelloSilveiraTools\MelloSilveiraTools.csproj", "{283B10E1-B737-4CEB-8E28-1DFED72A4CC4}"
EndProject
Project("{2150E333-8FDC-42A3-9474-1A3956D46DE8}") = "workflows", "workflows", "{17CB7414-9986-45D8-B2C1-39F91DC5D7A5}"
	ProjectSection(SolutionItems) = preProject
		.github\workflows\publish_nuget_package.yml = .github\workflows\publish_nuget_package.yml
		.github\workflows\publish_release_candidate_nuget_package.yml = .github\workflows\publish_release_candidate_nuget_package.yml
	EndProjectSection
EndProject
Project("{2150E333-8FDC-42A3-9474-1A3956D46DE8}") = ".github", ".github", "{AB86B74C-9BD3-4C03-BCE4-5315C04666BB}"
EndProject
Project("{FAE04EC0-301F-11D3-BF4B-00C04F79EFBC}") = "MelloSilveiraTools.MechanicsOfMaterials", "src\MelloSilveiraTools.MechanicsOfMaterials\MelloSilveiraTools.MechanicsOfMaterials.csproj", "{4C3FD7CF-CE29-4C8A-AFBA-005CE576CF7E}"
EndProject
Project("{2150E333-8FDC-42A3-9474-1A3956D46DE8}") = "test", "test", "{02EA681E-C7D8-13C7-8484-4AC65E1B71E8}"
EndProject
Project("{FAE04EC0-301F-11D3-BF4B-00C04F79EFBC}") = "UnitTests", "test\UnitTests\UnitTests.csproj", "{31A9F49E-1F12-4272-B03B-70B47241D4F9}"
EndProject
Project("{FAE04EC0-301F-11D3-BF4B-00C04F79EFBC}") = "MelloSilveiraTools.Core", "src\MelloSilveiraTools.Core\MelloSilveiraTools.Core.csproj", "{3A8F8A42-1FBC-4E87-93A4-9CD2333926A5}"
EndProject
Project("{FAE04EC0-301F-11D3-BF4B-00C04F79EFBC}") = "MelloSilveiraTools.Database", "src\MelloSilveiraTools.Database\MelloSilveiraTools.Database.csproj", "{EDF90C6E-0C40-4B6D-A814-4F7403B4CF7F}"
EndProject
Project("{FAE04EC0-301F-11D3-BF4B-00C04F79EFBC}") = "MelloSilveiraTools.WebApi", "src\MelloSilveiraTools.WebApi\MelloSilveiraTools.WebApi.csproj", "{0654CD5E-0D54-4F0A-8C15-707395771D33}"
EndProject
Project("{FAE04EC0-301F-11D3-BF4B-00C04F79EFBC}") = "MelloSilveiraTools.Plugins", "src\MelloSilveiraTools.Plugins\MelloSilveiraTools.Plugins.csproj", "{232A5029-0BD8-439D-AF87-68A204AEEA0C}"
EndProject
Project("{FAE04EC0-301F-11D3-BF4B-00C04F79EFBC}") = "MelloSilveiraTools.Mathematics", "src\MelloSilveiraTools.Mathematics\MelloSilveiraTools.Mathematics.csproj", "{0DB915F2-9604-4870-B5AF-9B050C3E1297}"
EndProject
Project("{FAE04EC0-301F-11D3-BF4B-00C04F79EFBC}") = "MelloSilveiraTools.MechanicsOfMaterials.Optimizations", "src\MelloSilveiraTools.MechanicsOfMaterials.Optimizations\MelloSilveiraTools.MechanicsOfMaterials.Optimizations.csproj", "{C0459F81-106C-4D77-AFB7-5403EA69CB68}"
EndProject
Global
	GlobalSection(SolutionConfigurationPlatforms) = preSolution
		Debug|Any CPU = Debug|Any CPU
		Debug|x64 = Debug|x64
		Debug|x86 = Debug|x86
		Release|Any CPU = Release|Any CPU
		Release|x64 = Release|x64
		Release|x86 = Release|x86
	EndGlobalSection
	GlobalSection(ProjectConfigurationPlatforms) = postSolution
		{283B10E1-B737-4CEB-8E28-1DFED72A4CC4}.Debug|Any CPU.ActiveCfg = Debug|Any CPU
		{283B10E1-B737-4CEB-8E28-1DFED72A4CC4}.Debug|Any CPU.Build.0 = Debug|Any CPU
		{283B10E1-B737-4CEB-8E28-1DFED72A4CC4}.Debug|x64.ActiveCfg = Debug|Any CPU
		{283B10E1-B737-4CEB-8E28-1DFED72A4CC4}.Debug|x64.Build.0 = Debug|Any CPU
		{283B10E1-B737-4CEB-8E28-1DFED72A4CC4}.Debug|x86.ActiveCfg = Debug|Any CPU
		{283B10E1-B737-4CEB-8E28-1DFED72A4CC4}.Debug|x86.Build.0 = Debug|Any CPU
		{283B10E1-B737-4CEB-8E28-1DFED72A4CC4}.Release|Any CPU.ActiveCfg = Release|Any CPU
		{283B10E1-B737-4CEB-8E28-1DFED72A4CC4}.Release|Any CPU.Build.0 = Release|Any CPU
		{283B10E1-B737-4CEB-8E28-1DFED72A4CC4}.Release|x64.ActiveCfg = Release|Any CPU
		{283B10E1-B737-4CEB-8E28-1DFED72A4CC4}.Release|x64.Build.0 = Release|Any CPU
		{283B10E1-B737-4CEB-8E28-1DFED72A4CC4}.Release|x86.ActiveCfg = Release|Any CPU
		{283B10E1-B737-4CEB-8E28-1DFED72A4CC4}.Release|x86.Build.0 = Release|Any CPU
		{4C3FD7CF-CE29-4C8A-AFBA-005CE576CF7E}.Debug|Any CPU.ActiveCfg = Debug|Any CPU
		{4C3FD7CF-CE29-4C8A-AFBA-005CE576CF7E}.Debug|Any CPU.Build.0 = Debug|Any CPU
		{4C3FD7CF-CE29-4C8A-AFBA-005CE576CF7E}.Debug|x64.ActiveCfg = Debug|Any CPU
		{4C3FD7CF-CE29-4C8A-AFBA-005CE576CF7E}.Debug|x64.Build.0 = Debug|Any CPU
		{4C3FD7CF-CE29-4C8A-AFBA-005CE576CF7E}.Debug|x86.ActiveCfg = Debug|Any CPU
		{4C3FD7CF-CE29-4C8A-AFBA-005CE576CF7E}.Debug|x86.Build.0 = Debug|Any CPU
		{4C3FD7CF-CE29-4C8A-AFBA-005CE576CF7E}.Release|Any CPU.ActiveCfg = Release|Any CPU
		{4C3FD7CF-CE29-4C8A-AFBA-005CE576CF7E}.Release|Any CPU.Build.0 = Release|Any CPU
		{4C3FD7CF-CE29-4C8A-AFBA-005CE576CF7E}.Release|x64.ActiveCfg = Release|Any CPU
		{4C3FD7CF-CE29-4C8A-AFBA-005CE576CF7E}.Release|x64.Build.0 = Release|Any CPU
		{4C3FD7CF-CE29-4C8A-AFBA-005CE576CF7E}.Release|x86.ActiveCfg = Release|Any CPU
		{4C3FD7CF-CE29-4C8A-AFBA-005CE576CF7E}.Release|x86.Build.0 = Release|Any CPU
		{31A9F49E-1F12-4272-B03B-70B47241D4F9}.Debug|Any CPU.ActiveCfg = Debug|Any CPU
		{31A9F49E-1F12-4272-B03B-70B47241D4F9}.Debug|Any CPU.Build.0 = Debug|Any CPU
		{31A9F49E-1F12-4272-B03B-70B47241D4F9}.Debug|x64.ActiveCfg = Debug|Any CPU
		{31A9F49E-1F12-4272-B03B-70B47241D4F9}.Debug|x64.Build.0 = Debug|Any CPU
		{31A9F49E-1F12-4272-B03B-70B47241D4F9}.Debug|x86.ActiveCfg = Debug|Any CPU
		{31A9F49E-1F12-4272-B03B-70B47241D4F9}.Debug|x86.Build.0 = Debug|Any CPU
		{31A9F49E-1F12-4272-B03B-70B47241D4F9}.Release|Any CPU.ActiveCfg = Release|Any CPU
		{31A9F49E-1F12-4272-B03B-70B47241D4F9}.Release|Any CPU.Build.0 = Release|Any CPU
		{31A9F49E-1F12-4272-B03B-70B47241D4F9}.Release|x64.ActiveCfg = Release|Any CPU
		{31A9F49E-1F12-4272-B03B-70B47241D4F9}.Release|x64.Build.0 = Release|Any CPU
		{31A9F49E-1F12-4272-B03B-70B47241D4F9}.Release|x86.ActiveCfg = Release|Any CPU
		{31A9F49E-1F12-4272-B03B-70B47241D4F9}.Release|x86.Build.0 = Release|Any CPU
		{3A8F8A42-1FBC-4E87-93A4-9CD2333926A5}.Debug|Any CPU.ActiveCfg = Debug|Any CPU
		{3A8F8A42-1FBC-4E87-93A4-9CD2333926A5}.Debug|Any CPU.Build.0 = Debug|Any CPU
		{3A8F8A42-1FBC-4E87-93A4-9CD2333926A5}.Debug|x64.ActiveCfg = Debug|Any CPU
		{3A8F8A42-1FBC-4E87-93A4-9CD2333926A5}.Debug|x64.Build.0 = Debug|Any CPU
		{3A8F8A42-1FBC-4E87-93A4-9CD2333926A5}.Debug|x86.ActiveCfg = Debug|Any CPU
		{3A8F8A42-1FBC-4E87-93A4-9CD2333926A5}.Debug|x86.Build.0 = Debug|Any CPU
		{3A8F8A42-1FBC-4E87-93A4-9CD2333926A5}.Release|Any CPU.ActiveCfg = Release|Any CPU
		{3A8F8A42-1FBC-4E87-93A4-9CD2333926A5}.Release|Any CPU.Build.0 = Release|Any CPU
		{3A8F8A42-1FBC-4E87-93A4-9CD2333926A5}.Release|x64.ActiveCfg = Release|Any CPU
		{3A8F8A42-1FBC-4E87-93A4-9CD2333926A5}.Release|x64.Build.0 = Release|Any CPU
		{3A8F8A42-1FBC-4E87-93A4-9CD2333926A5}.Release|x86.ActiveCfg = Release|Any CPU
		{3A8F8A42-1FBC-4E87-93A4-9CD2333926A5}.Release|x86.Build.0 = Release|Any CPU
		{EDF90C6E-0C40-4B6D-A814-4F7403B4CF7F}.Debug|Any CPU.ActiveCfg = Debug|Any CPU
		{EDF90C6E-0C40-4B6D-A814-4F7403B4CF7F}.Debug|Any CPU.Build.0 = Debug|Any CPU
		{EDF90C6E-0C40-4B6D-A814-4F7403B4CF7F}.Debug|x64.ActiveCfg = Debug|Any CPU
		{EDF90C6E-0C40-4B6D-A814-4F7403B4CF7F}.Debug|x64.Build.0 = Debug|Any CPU
		{EDF90C6E-0C40-4B6D-A814-4F7403B4CF7F}.Debug|x86.ActiveCfg = Debug|Any CPU
		{EDF90C6E-0C40-4B6D-A814-4F7403B4CF7F}.Debug|x86.Build.0 = Debug|Any CPU
		{EDF90C6E-0C40-4B6D-A814-4F7403B4CF7F}.Release|Any CPU.ActiveCfg = Release|Any CPU
		{EDF90C6E-0C40-4B6D-A814-4F7403B4CF7F}.Release|Any CPU.Build.0 = Release|Any CPU
		{EDF90C6E-0C40-4B6D-A814-4F7403B4CF7F}.Release|x64.ActiveCfg = Release|Any CPU
		{EDF90C6E-0C40-4B6D-A814-4F7403B4CF7F}.Release|x64.Build.0 = Release|Any CPU
		{EDF90C6E-0C40-4B6D-A814-4F7403B4CF7F}.Release|x86.ActiveCfg = Release|Any CPU
		{EDF90C6E-0C40-4B6D-A814-4F7403B4CF7F}.Release|x86.Build.0 = Release|Any CPU
		{0654CD5E-0D54-4F0A-8C15-707395771D33}.Debug|Any CPU.ActiveCfg = Debug|Any CPU
		{0654CD5E-0D54-4F0A-8C15-707395771D33}.Debug|Any CPU.Build.0 = Debug|Any CPU
		{0654CD5E-0D54-4F0A-8C15-707395771D33}.Debug|x64.ActiveCfg = Debug|Any CPU
		{0654CD5E-0D54-4F0A-8C15-707395771D33}.Debug|x64.Build.0 = Debug|Any CPU
		{0654CD5E-0D54-4F0A-8C15-707395771D33}.Debug|x86.ActiveCfg = Debug|Any CPU
		{0654CD5E-0D54-4F0A-8C15-707395771D33}.Debug|x86.Build.0 = Debug|Any CPU
		{0654CD5E-0D54-4F0A-8C15-707395771D33}.Release|Any CPU.ActiveCfg = Release|Any CPU
		{0654CD5E-0D54-4F0A-8C15-707395771D33}.Release|Any CPU.Build.0 = Release|Any CPU
		{0654CD5E-0D54-4F0A-8C15-707395771D33}.Release|x64.ActiveCfg = Release|Any CPU
		{0654CD5E-0D54-4F0A-8C15-707395771D33}.Release|x64.Build.0 = Release|Any CPU
		{0654CD5E-0D54-4F0A-8C15-707395771D33}.Release|x86.ActiveCfg = Release|Any CPU
		{0654CD5E-0D54-4F0A-8C15-707395771D33}.Release|x86.Build.0 = Release|Any CPU
		{232A5029-0BD8-439D-AF87-68A204AEEA0C}.Debug|Any CPU.ActiveCfg = Debug|Any CPU
		{232A5029-0BD8-439D-AF87-68A204AEEA0C}.Debug|Any CPU.Build.0 = Debug|Any CPU
		{232A5029-0BD8-439D-AF87-68A204AEEA0C}.Debug|x64.ActiveCfg = Debug|Any CPU
		{232A5029-0BD8-439D-AF87-68A204AEEA0C}.Debug|x64.Build.0 = Debug|Any CPU
		{232A5029-0BD8-439D-AF87-68A204AEEA0C}.Debug|x86.ActiveCfg = Debug|Any CPU
		{232A5029-0BD8-439D-AF87-68A204AEEA0C}.Debug|x86.Build.0 = Debug|Any CPU
		{232A5029-0BD8-439D-AF87-68A204AEEA0C}.Release|Any CPU.ActiveCfg = Release|Any CPU
		{232A5029-0BD8-439D-AF87-68A204AEEA0C}.Release|Any CPU.Build.0 = Release|Any CPU
		{232A5029-0BD8-439D-AF87-68A204AEEA0C}.Release|x64.ActiveCfg = Release|Any CPU
		{232A5029-0BD8-439D-AF87-68A204AEEA0C}.Release|x64.Build.0 = Release|Any CPU
		{232A5029-0BD8-439D-AF87-68A204AEEA0C}.Release|x86.ActiveCfg = Release|Any CPU
		{232A5029-0BD8-439D-AF87-68A204AEEA0C}.Release|x86.Build.0 = Release|Any CPU
		{0DB915F2-9604-4870-B5AF-9B050C3E1297}.Debug|Any CPU.ActiveCfg = Debug|Any CPU
		{0DB915F2-9604-4870-B5AF-9B050C3E1297}.Debug|Any CPU.Build.0 = Debug|Any CPU
		{0DB915F2-9604-4870-B5AF-9B050C3E1297}.Debug|x64.ActiveCfg = Debug|Any CPU
		{0DB915F2-9604-4870-B5AF-9B050C3E1297}.Debug|x64.Build.0 = Debug|Any CPU
		{0DB915F2-9604-4870-B5AF-9B050C3E1297}.Debug|x86.ActiveCfg = Debug|Any CPU
		{0DB915F2-9604-4870-B5AF-9B050C3E1297}.Debug|x86.Build.0 = Debug|Any CPU
		{0DB915F2-9604-4870-B5AF-9B050C3E1297}.Release|Any CPU.ActiveCfg = Release|Any CPU
		{0DB915F2-9604-4870-B5AF-9B050C3E1297}.Release|Any CPU.Build.0 = Release|Any CPU
		{0DB915F2-9604-4870-B5AF-9B050C3E1297}.Release|x64.ActiveCfg = Release|Any CPU
		{0DB915F2-9604-4870-B5AF-9B050C3E1297}.Release|x64.Build.0 = Release|Any CPU
		{0DB915F2-9604-4870-B5AF-9B050C3E1297}.Release|x86.ActiveCfg = Release|Any CPU
		{0DB915F2-9604-4870-B5AF-9B050C3E1297}.Release|x86.Build.0 = Release|Any CPU
		{C0459F81-106C-4D77-AFB7-5403EA69CB68}.Debug|Any CPU.ActiveCfg = Debug|Any CPU
		{C0459F81-106C-4D77-AFB7-5403EA69CB68}.Debug|Any CPU.Build.0 = Debug|Any CPU
		{C0459F81-106C-4D77-AFB7-5403EA69CB68}.Debug|x64.ActiveCfg = Debug|Any CPU
		{C0459F81-106C-4D77-AFB7-5403EA69CB68}.Debug|x64.Build.0 = Debug|Any CPU
		{C0459F81-106C-4D77-AFB7-5403EA69CB68}.Debug|x86.ActiveCfg = Debug|Any CPU
		{C0459F81-106C-4D77-AFB7-5403EA69CB68}.Debug|x86.Build.0 = Debug|Any CPU
		{C0459F81-106C-4D77-AFB7-5403EA69CB68}.Release|Any CPU.ActiveCfg = Release|Any CPU
		{C0459F81-106C-4D77-AFB7-5403EA69CB68}.Release|Any CPU.Build.0 = Release|Any CPU
		{C0459F81-106C-4D77-AFB7-5403EA69CB68}.Release|x64.ActiveCfg = Release|Any CPU
		{C0459F81-106C-4D77-AFB7-5403EA69CB68}.Release|x64.Build.0 = Release|Any CPU
		{C0459F81-106C-4D77-AFB7-5403EA69CB68}.Release|x86.ActiveCfg = Release|Any CPU
		{C0459F81-106C-4D77-AFB7-5403EA69CB68}.Release|x86.Build.0 = Release|Any CPU
	EndGlobalSection
	GlobalSection(SolutionProperties) = preSolution
		HideSolutionNode = FALSE
	EndGlobalSection
	GlobalSection(NestedProjects) = preSolution
		{283B10E1-B737-4CEB-8E28-1DFED72A4CC4} = {92D89A6E-7E8A-4E65-955F-ECAC80987E27}
		{17CB7414-9986-45D8-B2C1-39F91DC5D7A5} = {AB86B74C-9BD3-4C03-BCE4-5315C04666BB}
		{4C3FD7CF-CE29-4C8A-AFBA-005CE576CF7E} = {92D89A6E-7E8A-4E65-955F-ECAC80987E27}
		{31A9F49E-1F12-4272-B03B-70B47241D4F9} = {02EA681E-C7D8-13C7-8484-4AC65E1B71E8}
		{3A8F8A42-1FBC-4E87-93A4-9CD2333926A5} = {92D89A6E-7E8A-4E65-955F-ECAC80987E27}
		{EDF90C6E-0C40-4B6D-A814-4F7403B4CF7F} = {92D89A6E-7E8A-4E65-955F-ECAC80987E27}
		{0654CD5E-0D54-4F0A-8C15-707395771D33} = {92D89A6E-7E8A-4E65-955F-ECAC80987E27}
		{232A5029-0BD8-439D-AF87-68A204AEEA0C} = {92D89A6E-7E8A-4E65-955F-ECAC80987E27}
		{0DB915F2-9604-4870-B5AF-9B050C3E1297} = {92D89A6E-7E8A-4E65-955F-ECAC80987E27}
		{C0459F81-106C-4D77-AFB7-5403EA69CB68} = {92D89A6E-7E8A-4E65-955F-ECAC80987E27}
	EndGlobalSection
	GlobalSection(ExtensibilityGlobals) = postSolution
		SolutionGuid = {6138CFB8-82E9-45F6-B28F-BF93F657D839}
	EndGlobalSection
EndGlobal
