
Microsoft Visual Studio Solution File, Format Version 12.00
# Visual Studio Version 17
VisualStudioVersion = 17.12.35707.178
MinimumVisualStudioVersion = 10.0.40219.1
Project("{2150E333-8FDC-42A3-9474-1A3956D46DE8}") = "etc", "etc", "{C87CB27D-FD2A-4506-A353-F6B36AA39AFB}"
	ProjectSection(SolutionItems) = preProject
		CHANGELOG.md = CHANGELOG.md
		Directory.Build.props = Directory.Build.props
		LICENSE = LICENSE
		README.md = README.md
	EndProjectSection
EndProject
Project("{2150E333-8FDC-42A3-9474-1A3956D46DE8}") = "src", "src", "{92D89A6E-7E8A-4E65-955F-ECAC80987E27}"
EndProject
Project("{FAE04EC0-301F-11D3-BF4B-00C04F79EFBC}") = "MelloSilveiraTools", "src\MelloSilveiraTools\MelloSilveiraTools.csproj", "{283B10E1-B737-4CEB-8E28-1DFED72A4CC4}"
EndProject
Global
	GlobalSection(SolutionConfigurationPlatforms) = preSolution
		Debug|Any CPU = Debug|Any CPU
		Release|Any CPU = Release|Any CPU
	EndGlobalSection
	GlobalSection(ProjectConfigurationPlatforms) = postSolution
		{283B10E1-B737-4CEB-8E28-1DFED72A4CC4}.Debug|Any CPU.ActiveCfg = Debug|Any CPU
		{283B10E1-B737-4CEB-8E28-1DFED72A4CC4}.Debug|Any CPU.Build.0 = Debug|Any CPU
		{283B10E1-B737-4CEB-8E28-1DFED72A4CC4}.Release|Any CPU.ActiveCfg = Release|Any CPU
		{283B10E1-B737-4CEB-8E28-1DFED72A4CC4}.Release|Any CPU.Build.0 = Release|Any CPU
	EndGlobalSection
	GlobalSection(SolutionProperties) = preSolution
		HideSolutionNode = FALSE
	EndGlobalSection
	GlobalSection(NestedProjects) = preSolution
		{283B10E1-B737-4CEB-8E28-1DFED72A4CC4} = {92D89A6E-7E8A-4E65-955F-ECAC80987E27}
	EndGlobalSection
EndGlobal
